
Microsoft Visual Studio Solution File, Format Version 12.00
# Visual Studio Version 16
VisualStudioVersion = 16.0.30907.101
MinimumVisualStudioVersion = 10.0.40219.1
Project("{FAE04EC0-301F-11D3-BF4B-00C04F79EFBC}") = "ClickForService", "ClickForService\ClickForService.csproj", "{A711D58F-B259-4C19-AF74-611771823ECF}"
EndProject
Global
	GlobalSection(SolutionConfigurationPlatforms) = preSolution
		Debug|Any CPU = Debug|Any CPU
		Release|Any CPU = Release|Any CPU
	EndGlobalSection
	GlobalSection(ProjectConfigurationPlatforms) = postSolution
		{A711D58F-B259-4C19-AF74-611771823ECF}.Debug|Any CPU.ActiveCfg = Debug|Any CPU
		{A711D58F-B259-4C19-AF74-611771823ECF}.Debug|Any CPU.Build.0 = Debug|Any CPU
		{A711D58F-B259-4C19-AF74-611771823ECF}.Release|Any CPU.ActiveCfg = Release|Any CPU
		{A711D58F-B259-4C19-AF74-611771823ECF}.Release|Any CPU.Build.0 = Release|Any CPU
	EndGlobalSection
	GlobalSection(SolutionProperties) = preSolution
		HideSolutionNode = FALSE
	EndGlobalSection
	GlobalSection(ExtensibilityGlobals) = postSolution
		SolutionGuid = {46D1C9CC-75BB-461D-8798-944AE81CD229}
	EndGlobalSection
EndGlobal
